<?xml version="1.0" encoding="utf-8"?>
<Project ToolsVersion="4.0" xmlns="http://schemas.microsoft.com/developer/msbuild/2003">
  <ItemGroup>
    <Filter Include="资源文件">
      <UniqueIdentifier>{67DA6AB6-F800-4c08-8B7A-83BB121AAD01}</UniqueIdentifier>
      <Extensions>rc;ico;cur;bmp;dlg;rc2;rct;bin;rgs;gif;jpg;jpeg;jpe;resx;tiff;tif;png;wav;mfcribbon-ms</Extensions>
    </Filter>
  </ItemGroup>
  <ItemGroup>
    <ClCompile Include="main.cpp" />
    <ClCompile Include="State.cpp" />
    <ClCompile Include="Observer.cpp" />
    <ClCompile Include="Mediator.cpp" />
  </ItemGroup>
  <ItemGroup>
    <ClInclude Include="Strategy.h" />
    <ClInclude Include="Factory.h" />
    <ClInclude Include="PublicHeaders.h" />
    <ClInclude Include="State.h" />
    <ClInclude Include="Observer.h" />
    <ClInclude Include="Memento.h" />
    <ClInclude Include="Mediator.h" />
    <ClInclude Include="Command.h" />
    <ClInclude Include="Visitor.h" />
    <ClInclude Include="ChainOfResponsibility.h" />
  </ItemGroup>
</Project>